// !$*UTF8*$!
{
	archiveVersion = 1;
	classes = {
	};
	objectVersion = 46;
	objects = {

/* Begin PBXBuildFile section */
		107164C31AC1EEB300EB67C3 /* SecondaryFeedViewController.swift in Sources */ = {isa = PBXBuildFile; fileRef = 107164C21AC1EEB300EB67C3 /* SecondaryFeedViewController.swift */; };
		10791E271AB4DFE500A6DF27 /* CreateViewController.swift in Sources */ = {isa = PBXBuildFile; fileRef = 10791E261AB4DFE500A6DF27 /* CreateViewController.swift */; };
		10791E291AB54A6B00A6DF27 /* DetailsViewController.swift in Sources */ = {isa = PBXBuildFile; fileRef = 10791E281AB54A6B00A6DF27 /* DetailsViewController.swift */; };
		10791E2D1AB54C8400A6DF27 /* ImageTransition.swift in Sources */ = {isa = PBXBuildFile; fileRef = 10791E2C1AB54C8400A6DF27 /* ImageTransition.swift */; };
		10791E341AB5562400A6DF27 /* FadeTransition.swift in Sources */ = {isa = PBXBuildFile; fileRef = 10791E321AB5562400A6DF27 /* FadeTransition.swift */; };
		10791E351AB5562400A6DF27 /* BaseTransition.swift in Sources */ = {isa = PBXBuildFile; fileRef = 10791E331AB5562400A6DF27 /* BaseTransition.swift */; };
		10791E371AB56BAB00A6DF27 /* SettingsViewController.swift in Sources */ = {isa = PBXBuildFile; fileRef = 10791E361AB56BAB00A6DF27 /* SettingsViewController.swift */; };
		10791E391AB574DF00A6DF27 /* ProfileEditViewController.swift in Sources */ = {isa = PBXBuildFile; fileRef = 10791E381AB574DF00A6DF27 /* ProfileEditViewController.swift */; };
		10D0155B1AB4C8BC00CF3AB3 /* EventCell.swift in Sources */ = {isa = PBXBuildFile; fileRef = 10D0155A1AB4C8BC00CF3AB3 /* EventCell.swift */; };
		10D4A6A11AB655B5002E614D /* SignInViewController.swift in Sources */ = {isa = PBXBuildFile; fileRef = 10D4A6A01AB655B5002E614D /* SignInViewController.swift */; };
		10D4A6A31AB682EB002E614D /* Common.swift in Sources */ = {isa = PBXBuildFile; fileRef = 10D4A6A21AB682EB002E614D /* Common.swift */; };
		10D4A6A51AB687F6002E614D /* OnboardingViewController.swift in Sources */ = {isa = PBXBuildFile; fileRef = 10D4A6A41AB687F6002E614D /* OnboardingViewController.swift */; };
		10FCFE2A1ABE8060008CB295 /* DINNextLTPro-Regular.otf in Resources */ = {isa = PBXBuildFile; fileRef = 10FCFE291ABE7F8D008CB295 /* DINNextLTPro-Regular.otf */; };
		10FCFE2B1ABE8060008CB295 /* DINNextLTPro-Light.otf in Resources */ = {isa = PBXBuildFile; fileRef = 10FCFE281ABE7F6B008CB295 /* DINNextLTPro-Light.otf */; };
		10FCFE2C1ABE8060008CB295 /* DINNextLTPro-Bold.otf in Resources */ = {isa = PBXBuildFile; fileRef = 10FCFE271ABE7F5F008CB295 /* DINNextLTPro-Bold.otf */; };
		10FCFE2E1ABEA123008CB295 /* TabViewController.swift in Sources */ = {isa = PBXBuildFile; fileRef = 10FCFE2D1ABEA123008CB295 /* TabViewController.swift */; };
		49E8E1081AC1B59800B8D534 /* AddImageViewController.swift in Sources */ = {isa = PBXBuildFile; fileRef = 49E8E1071AC1B59800B8D534 /* AddImageViewController.swift */; };
		49E8E10A1AC1BDEA00B8D534 /* RealCreateViewController.swift in Sources */ = {isa = PBXBuildFile; fileRef = 49E8E1091AC1BDEA00B8D534 /* RealCreateViewController.swift */; };
		49E8E10C1AC1C96E00B8D534 /* SelectDateViewController.swift in Sources */ = {isa = PBXBuildFile; fileRef = 49E8E10B1AC1C96E00B8D534 /* SelectDateViewController.swift */; };
		49E8E10E1AC1CA9F00B8D534 /* SelectLocationViewController.swift in Sources */ = {isa = PBXBuildFile; fileRef = 49E8E10D1AC1CA9F00B8D534 /* SelectLocationViewController.swift */; };
		B81FDF6E1AC2EE8B005DB753 /* Images.xcassets in Resources */ = {isa = PBXBuildFile; fileRef = B81FDF6D1AC2EE8B005DB753 /* Images.xcassets */; };
		B8B0FD051AB008500097E996 /* AppDelegate.swift in Sources */ = {isa = PBXBuildFile; fileRef = B8B0FD041AB008500097E996 /* AppDelegate.swift */; };
		B8B0FD071AB008500097E996 /* ViewController.swift in Sources */ = {isa = PBXBuildFile; fileRef = B8B0FD061AB008500097E996 /* ViewController.swift */; };
		B8B0FD0F1AB008500097E996 /* LaunchScreen.xib in Resources */ = {isa = PBXBuildFile; fileRef = B8B0FD0D1AB008500097E996 /* LaunchScreen.xib */; };
		B8B0FD1B1AB008500097E996 /* MiniMeetTests.swift in Sources */ = {isa = PBXBuildFile; fileRef = B8B0FD1A1AB008500097E996 /* MiniMeetTests.swift */; };
		B8B0FD251AB01A4B0097E996 /* FeedViewController.swift in Sources */ = {isa = PBXBuildFile; fileRef = B8B0FD241AB01A4B0097E996 /* FeedViewController.swift */; };
		B8B0FD281AB01C400097E996 /* Main.storyboard in Resources */ = {isa = PBXBuildFile; fileRef = B8B0FD261AB01C400097E996 /* Main.storyboard */; };
		B8B0FD2C1AB01EFD0097E996 /* ProfileViewController.swift in Sources */ = {isa = PBXBuildFile; fileRef = B8B0FD2B1AB01EFD0097E996 /* ProfileViewController.swift */; };
		B8BEA7861AC10CE800FAF6BB /* SuccessViewController.swift in Sources */ = {isa = PBXBuildFile; fileRef = B8BEA7851AC10CE800FAF6BB /* SuccessViewController.swift */; };
/* End PBXBuildFile section */

/* Begin PBXContainerItemProxy section */
		B8B0FD151AB008500097E996 /* PBXContainerItemProxy */ = {
			isa = PBXContainerItemProxy;
			containerPortal = B8B0FCF71AB008500097E996 /* Project object */;
			proxyType = 1;
			remoteGlobalIDString = B8B0FCFE1AB008500097E996;
			remoteInfo = MiniMeet;
		};
/* End PBXContainerItemProxy section */

/* Begin PBXFileReference section */
		107164C21AC1EEB300EB67C3 /* SecondaryFeedViewController.swift */ = {isa = PBXFileReference; fileEncoding = 4; lastKnownFileType = sourcecode.swift; path = SecondaryFeedViewController.swift; sourceTree = "<group>"; };
		10791E261AB4DFE500A6DF27 /* CreateViewController.swift */ = {isa = PBXFileReference; fileEncoding = 4; lastKnownFileType = sourcecode.swift; path = CreateViewController.swift; sourceTree = "<group>"; };
		10791E281AB54A6B00A6DF27 /* DetailsViewController.swift */ = {isa = PBXFileReference; fileEncoding = 4; lastKnownFileType = sourcecode.swift; path = DetailsViewController.swift; sourceTree = "<group>"; };
		10791E2C1AB54C8400A6DF27 /* ImageTransition.swift */ = {isa = PBXFileReference; fileEncoding = 4; lastKnownFileType = sourcecode.swift; path = ImageTransition.swift; sourceTree = "<group>"; };
		10791E321AB5562400A6DF27 /* FadeTransition.swift */ = {isa = PBXFileReference; fileEncoding = 4; lastKnownFileType = sourcecode.swift; path = FadeTransition.swift; sourceTree = "<group>"; };
		10791E331AB5562400A6DF27 /* BaseTransition.swift */ = {isa = PBXFileReference; fileEncoding = 4; lastKnownFileType = sourcecode.swift; path = BaseTransition.swift; sourceTree = "<group>"; };
		10791E361AB56BAB00A6DF27 /* SettingsViewController.swift */ = {isa = PBXFileReference; fileEncoding = 4; lastKnownFileType = sourcecode.swift; path = SettingsViewController.swift; sourceTree = "<group>"; };
		10791E381AB574DF00A6DF27 /* ProfileEditViewController.swift */ = {isa = PBXFileReference; fileEncoding = 4; lastKnownFileType = sourcecode.swift; path = ProfileEditViewController.swift; sourceTree = "<group>"; };
		10D0155A1AB4C8BC00CF3AB3 /* EventCell.swift */ = {isa = PBXFileReference; fileEncoding = 4; lastKnownFileType = sourcecode.swift; path = EventCell.swift; sourceTree = "<group>"; };
		10D4A6A01AB655B5002E614D /* SignInViewController.swift */ = {isa = PBXFileReference; fileEncoding = 4; lastKnownFileType = sourcecode.swift; path = SignInViewController.swift; sourceTree = "<group>"; };
		10D4A6A21AB682EB002E614D /* Common.swift */ = {isa = PBXFileReference; fileEncoding = 4; lastKnownFileType = sourcecode.swift; path = Common.swift; sourceTree = "<group>"; };
		10D4A6A41AB687F6002E614D /* OnboardingViewController.swift */ = {isa = PBXFileReference; fileEncoding = 4; lastKnownFileType = sourcecode.swift; path = OnboardingViewController.swift; sourceTree = "<group>"; };
		10FCFE271ABE7F5F008CB295 /* DINNextLTPro-Bold.otf */ = {isa = PBXFileReference; lastKnownFileType = file; path = "DINNextLTPro-Bold.otf"; sourceTree = "<group>"; };
		10FCFE281ABE7F6B008CB295 /* DINNextLTPro-Light.otf */ = {isa = PBXFileReference; lastKnownFileType = file; path = "DINNextLTPro-Light.otf"; sourceTree = "<group>"; };
		10FCFE291ABE7F8D008CB295 /* DINNextLTPro-Regular.otf */ = {isa = PBXFileReference; lastKnownFileType = file; path = "DINNextLTPro-Regular.otf"; sourceTree = "<group>"; };
		10FCFE2D1ABEA123008CB295 /* TabViewController.swift */ = {isa = PBXFileReference; fileEncoding = 4; lastKnownFileType = sourcecode.swift; path = TabViewController.swift; sourceTree = "<group>"; };
		10FCFE2F1ABF2BC2008CB295 /* Temp Delete Me!.playground */ = {isa = PBXFileReference; lastKnownFileType = file.playground; path = "Temp Delete Me!.playground"; sourceTree = "<group>"; };
		49E8E1071AC1B59800B8D534 /* AddImageViewController.swift */ = {isa = PBXFileReference; fileEncoding = 4; lastKnownFileType = sourcecode.swift; path = AddImageViewController.swift; sourceTree = "<group>"; };
		49E8E1091AC1BDEA00B8D534 /* RealCreateViewController.swift */ = {isa = PBXFileReference; fileEncoding = 4; lastKnownFileType = sourcecode.swift; path = RealCreateViewController.swift; sourceTree = "<group>"; };
		49E8E10B1AC1C96E00B8D534 /* SelectDateViewController.swift */ = {isa = PBXFileReference; fileEncoding = 4; lastKnownFileType = sourcecode.swift; path = SelectDateViewController.swift; sourceTree = "<group>"; };
		49E8E10D1AC1CA9F00B8D534 /* SelectLocationViewController.swift */ = {isa = PBXFileReference; fileEncoding = 4; lastKnownFileType = sourcecode.swift; path = SelectLocationViewController.swift; sourceTree = "<group>"; };
		B81FDF6D1AC2EE8B005DB753 /* Images.xcassets */ = {isa = PBXFileReference; lastKnownFileType = folder.assetcatalog; name = Images.xcassets; path = ../Images.xcassets; sourceTree = "<group>"; };
		B8B0FCFF1AB008500097E996 /* MiniMeet.app */ = {isa = PBXFileReference; explicitFileType = wrapper.application; includeInIndex = 0; path = MiniMeet.app; sourceTree = BUILT_PRODUCTS_DIR; };
		B8B0FD031AB008500097E996 /* Info.plist */ = {isa = PBXFileReference; lastKnownFileType = text.plist.xml; path = Info.plist; sourceTree = "<group>"; };
		B8B0FD041AB008500097E996 /* AppDelegate.swift */ = {isa = PBXFileReference; lastKnownFileType = sourcecode.swift; path = AppDelegate.swift; sourceTree = "<group>"; };
		B8B0FD061AB008500097E996 /* ViewController.swift */ = {isa = PBXFileReference; lastKnownFileType = sourcecode.swift; path = ViewController.swift; sourceTree = "<group>"; };
		B8B0FD0E1AB008500097E996 /* Base */ = {isa = PBXFileReference; lastKnownFileType = file.xib; name = Base; path = Base.lproj/LaunchScreen.xib; sourceTree = "<group>"; };
		B8B0FD141AB008500097E996 /* MiniMeetTests.xctest */ = {isa = PBXFileReference; explicitFileType = wrapper.cfbundle; includeInIndex = 0; path = MiniMeetTests.xctest; sourceTree = BUILT_PRODUCTS_DIR; };
		B8B0FD191AB008500097E996 /* Info.plist */ = {isa = PBXFileReference; lastKnownFileType = text.plist.xml; path = Info.plist; sourceTree = "<group>"; };
		B8B0FD1A1AB008500097E996 /* MiniMeetTests.swift */ = {isa = PBXFileReference; lastKnownFileType = sourcecode.swift; path = MiniMeetTests.swift; sourceTree = "<group>"; };
		B8B0FD241AB01A4B0097E996 /* FeedViewController.swift */ = {isa = PBXFileReference; fileEncoding = 4; lastKnownFileType = sourcecode.swift; path = FeedViewController.swift; sourceTree = "<group>"; };
		B8B0FD271AB01C400097E996 /* Base */ = {isa = PBXFileReference; lastKnownFileType = file.storyboard; name = Base; path = Base.lproj/Main.storyboard; sourceTree = "<group>"; };
		B8B0FD2B1AB01EFD0097E996 /* ProfileViewController.swift */ = {isa = PBXFileReference; fileEncoding = 4; lastKnownFileType = sourcecode.swift; path = ProfileViewController.swift; sourceTree = "<group>"; };
		B8BEA7851AC10CE800FAF6BB /* SuccessViewController.swift */ = {isa = PBXFileReference; fileEncoding = 4; lastKnownFileType = sourcecode.swift; path = SuccessViewController.swift; sourceTree = "<group>"; };
/* End PBXFileReference section */

/* Begin PBXFrameworksBuildPhase section */
		B8B0FCFC1AB008500097E996 /* Frameworks */ = {
			isa = PBXFrameworksBuildPhase;
			buildActionMask = 2147483647;
			files = (
			);
			runOnlyForDeploymentPostprocessing = 0;
		};
		B8B0FD111AB008500097E996 /* Frameworks */ = {
			isa = PBXFrameworksBuildPhase;
			buildActionMask = 2147483647;
			files = (
			);
			runOnlyForDeploymentPostprocessing = 0;
		};
/* End PBXFrameworksBuildPhase section */

/* Begin PBXGroup section */
		10FCFE251ABE7F1B008CB295 /* Resources */ = {
			isa = PBXGroup;
			children = (
				10FCFE261ABE7F20008CB295 /* Fonts */,
			);
			name = Resources;
			sourceTree = "<group>";
		};
		10FCFE261ABE7F20008CB295 /* Fonts */ = {
			isa = PBXGroup;
			children = (
				10FCFE291ABE7F8D008CB295 /* DINNextLTPro-Regular.otf */,
				10FCFE281ABE7F6B008CB295 /* DINNextLTPro-Light.otf */,
				10FCFE271ABE7F5F008CB295 /* DINNextLTPro-Bold.otf */,
			);
			name = Fonts;
			sourceTree = "<group>";
		};
		B8B0FCF61AB008500097E996 = {
			isa = PBXGroup;
			children = (
				10FCFE251ABE7F1B008CB295 /* Resources */,
				B8B0FD011AB008500097E996 /* MiniMeet */,
				B8B0FD171AB008500097E996 /* MiniMeetTests */,
				B8B0FD001AB008500097E996 /* Products */,
			);
			sourceTree = "<group>";
		};
		B8B0FD001AB008500097E996 /* Products */ = {
			isa = PBXGroup;
			children = (
				B8B0FCFF1AB008500097E996 /* MiniMeet.app */,
				B8B0FD141AB008500097E996 /* MiniMeetTests.xctest */,
			);
			name = Products;
			sourceTree = "<group>";
		};
		B8B0FD011AB008500097E996 /* MiniMeet */ = {
			isa = PBXGroup;
			children = (
				10D4A6A21AB682EB002E614D /* Common.swift */,
				B8BEA7831AC0675C00FAF6BB /* Transitions */,
				B8B0FD041AB008500097E996 /* AppDelegate.swift */,
				B8B0FD061AB008500097E996 /* ViewController.swift */,
				B8BEA7841AC068BA00FAF6BB /* View Controllers */,
				B8B0FD0D1AB008500097E996 /* LaunchScreen.xib */,
				B81FDF6D1AC2EE8B005DB753 /* Images.xcassets */,
				B8B0FD261AB01C400097E996 /* Main.storyboard */,
				107164C21AC1EEB300EB67C3 /* SecondaryFeedViewController.swift */,
				49E8E10D1AC1CA9F00B8D534 /* SelectLocationViewController.swift */,
				49E8E10B1AC1C96E00B8D534 /* SelectDateViewController.swift */,
				49E8E1091AC1BDEA00B8D534 /* RealCreateViewController.swift */,
				49E8E1071AC1B59800B8D534 /* AddImageViewController.swift */,
				10FCFE2F1ABF2BC2008CB295 /* Temp Delete Me!.playground */,
				B8B0FD021AB008500097E996 /* Supporting Files */,
			);
			path = MiniMeet;
			sourceTree = "<group>";
		};
		B8B0FD021AB008500097E996 /* Supporting Files */ = {
			isa = PBXGroup;
			children = (
				B8B0FD031AB008500097E996 /* Info.plist */,
			);
			name = "Supporting Files";
			sourceTree = "<group>";
		};
		B8B0FD171AB008500097E996 /* MiniMeetTests */ = {
			isa = PBXGroup;
			children = (
				B8B0FD1A1AB008500097E996 /* MiniMeetTests.swift */,
				B8B0FD181AB008500097E996 /* Supporting Files */,
			);
			path = MiniMeetTests;
			sourceTree = "<group>";
		};
		B8B0FD181AB008500097E996 /* Supporting Files */ = {
			isa = PBXGroup;
			children = (
				B8B0FD191AB008500097E996 /* Info.plist */,
			);
			name = "Supporting Files";
			sourceTree = "<group>";
		};
		B8BEA7831AC0675C00FAF6BB /* Transitions */ = {
			isa = PBXGroup;
			children = (
				10791E2C1AB54C8400A6DF27 /* ImageTransition.swift */,
				10791E321AB5562400A6DF27 /* FadeTransition.swift */,
				10791E331AB5562400A6DF27 /* BaseTransition.swift */,
			);
			name = Transitions;
			sourceTree = "<group>";
		};
		B8BEA7841AC068BA00FAF6BB /* View Controllers */ = {
			isa = PBXGroup;
			children = (
				B8B0FD241AB01A4B0097E996 /* FeedViewController.swift */,
				10D4A6A41AB687F6002E614D /* OnboardingViewController.swift */,
				B8B0FD2B1AB01EFD0097E996 /* ProfileViewController.swift */,
				10FCFE2D1ABEA123008CB295 /* TabViewController.swift */,
				10D4A6A01AB655B5002E614D /* SignInViewController.swift */,
				10791E381AB574DF00A6DF27 /* ProfileEditViewController.swift */,
				10791E361AB56BAB00A6DF27 /* SettingsViewController.swift */,
				10791E281AB54A6B00A6DF27 /* DetailsViewController.swift */,
				10791E261AB4DFE500A6DF27 /* CreateViewController.swift */,
				B8BEA7851AC10CE800FAF6BB /* SuccessViewController.swift */,
				10D0155A1AB4C8BC00CF3AB3 /* EventCell.swift */,
			);
			name = "View Controllers";
			sourceTree = "<group>";
		};
/* End PBXGroup section */

/* Begin PBXNativeTarget section */
		B8B0FCFE1AB008500097E996 /* MiniMeet */ = {
			isa = PBXNativeTarget;
			buildConfigurationList = B8B0FD1E1AB008500097E996 /* Build configuration list for PBXNativeTarget "MiniMeet" */;
			buildPhases = (
				B8B0FCFB1AB008500097E996 /* Sources */,
				B8B0FCFC1AB008500097E996 /* Frameworks */,
				B8B0FCFD1AB008500097E996 /* Resources */,
			);
			buildRules = (
			);
			dependencies = (
			);
			name = MiniMeet;
			productName = MiniMeet;
			productReference = B8B0FCFF1AB008500097E996 /* MiniMeet.app */;
			productType = "com.apple.product-type.application";
		};
		B8B0FD131AB008500097E996 /* MiniMeetTests */ = {
			isa = PBXNativeTarget;
			buildConfigurationList = B8B0FD211AB008500097E996 /* Build configuration list for PBXNativeTarget "MiniMeetTests" */;
			buildPhases = (
				B8B0FD101AB008500097E996 /* Sources */,
				B8B0FD111AB008500097E996 /* Frameworks */,
				B8B0FD121AB008500097E996 /* Resources */,
			);
			buildRules = (
			);
			dependencies = (
				B8B0FD161AB008500097E996 /* PBXTargetDependency */,
			);
			name = MiniMeetTests;
			productName = MiniMeetTests;
			productReference = B8B0FD141AB008500097E996 /* MiniMeetTests.xctest */;
			productType = "com.apple.product-type.bundle.unit-test";
		};
/* End PBXNativeTarget section */

/* Begin PBXProject section */
		B8B0FCF71AB008500097E996 /* Project object */ = {
			isa = PBXProject;
			attributes = {
				LastUpgradeCheck = 0620;
				ORGANIZATIONNAME = hi_hu;
				TargetAttributes = {
					B8B0FCFE1AB008500097E996 = {
						CreatedOnToolsVersion = 6.2;
					};
					B8B0FD131AB008500097E996 = {
						CreatedOnToolsVersion = 6.2;
						TestTargetID = B8B0FCFE1AB008500097E996;
					};
				};
			};
			buildConfigurationList = B8B0FCFA1AB008500097E996 /* Build configuration list for PBXProject "MiniMeet" */;
			compatibilityVersion = "Xcode 3.2";
			developmentRegion = English;
			hasScannedForEncodings = 0;
			knownRegions = (
				en,
				Base,
			);
			mainGroup = B8B0FCF61AB008500097E996;
			productRefGroup = B8B0FD001AB008500097E996 /* Products */;
			projectDirPath = "";
			projectRoot = "";
			targets = (
				B8B0FCFE1AB008500097E996 /* MiniMeet */,
				B8B0FD131AB008500097E996 /* MiniMeetTests */,
			);
		};
/* End PBXProject section */

/* Begin PBXResourcesBuildPhase section */
		B8B0FCFD1AB008500097E996 /* Resources */ = {
			isa = PBXResourcesBuildPhase;
			buildActionMask = 2147483647;
			files = (
				B8B0FD281AB01C400097E996 /* Main.storyboard in Resources */,
				10FCFE2A1ABE8060008CB295 /* DINNextLTPro-Regular.otf in Resources */,
				B8B0FD0F1AB008500097E996 /* LaunchScreen.xib in Resources */,
				B81FDF6E1AC2EE8B005DB753 /* Images.xcassets in Resources */,
				10FCFE2C1ABE8060008CB295 /* DINNextLTPro-Bold.otf in Resources */,
				10FCFE2B1ABE8060008CB295 /* DINNextLTPro-Light.otf in Resources */,
			);
			runOnlyForDeploymentPostprocessing = 0;
		};
		B8B0FD121AB008500097E996 /* Resources */ = {
			isa = PBXResourcesBuildPhase;
			buildActionMask = 2147483647;
			files = (
			);
			runOnlyForDeploymentPostprocessing = 0;
		};
/* End PBXResourcesBuildPhase section */

/* Begin PBXSourcesBuildPhase section */
		B8B0FCFB1AB008500097E996 /* Sources */ = {
			isa = PBXSourcesBuildPhase;
			buildActionMask = 2147483647;
			files = (
				10D4A6A11AB655B5002E614D /* SignInViewController.swift in Sources */,
				10791E271AB4DFE500A6DF27 /* CreateViewController.swift in Sources */,
				49E8E1081AC1B59800B8D534 /* AddImageViewController.swift in Sources */,
				10791E351AB5562400A6DF27 /* BaseTransition.swift in Sources */,
				B8B0FD071AB008500097E996 /* ViewController.swift in Sources */,
				10791E291AB54A6B00A6DF27 /* DetailsViewController.swift in Sources */,
				B8B0FD251AB01A4B0097E996 /* FeedViewController.swift in Sources */,
				107164C31AC1EEB300EB67C3 /* SecondaryFeedViewController.swift in Sources */,
				B8B0FD2C1AB01EFD0097E996 /* ProfileViewController.swift in Sources */,
				10791E341AB5562400A6DF27 /* FadeTransition.swift in Sources */,
				10FCFE2E1ABEA123008CB295 /* TabViewController.swift in Sources */,
				49E8E10C1AC1C96E00B8D534 /* SelectDateViewController.swift in Sources */,
				B8BEA7861AC10CE800FAF6BB /* SuccessViewController.swift in Sources */,
				10791E2D1AB54C8400A6DF27 /* ImageTransition.swift in Sources */,
				49E8E10A1AC1BDEA00B8D534 /* RealCreateViewController.swift in Sources */,
				49E8E10E1AC1CA9F00B8D534 /* SelectLocationViewController.swift in Sources */,
				10D0155B1AB4C8BC00CF3AB3 /* EventCell.swift in Sources */,
				10D4A6A51AB687F6002E614D /* OnboardingViewController.swift in Sources */,
				B8B0FD051AB008500097E996 /* AppDelegate.swift in Sources */,
				10791E391AB574DF00A6DF27 /* ProfileEditViewController.swift in Sources */,
				10D4A6A31AB682EB002E614D /* Common.swift in Sources */,
				10791E371AB56BAB00A6DF27 /* SettingsViewController.swift in Sources */,
			);
			runOnlyForDeploymentPostprocessing = 0;
		};
		B8B0FD101AB008500097E996 /* Sources */ = {
			isa = PBXSourcesBuildPhase;
			buildActionMask = 2147483647;
			files = (
				B8B0FD1B1AB008500097E996 /* MiniMeetTests.swift in Sources */,
			);
			runOnlyForDeploymentPostprocessing = 0;
		};
/* End PBXSourcesBuildPhase section */

/* Begin PBXTargetDependency section */
		B8B0FD161AB008500097E996 /* PBXTargetDependency */ = {
			isa = PBXTargetDependency;
			target = B8B0FCFE1AB008500097E996 /* MiniMeet */;
			targetProxy = B8B0FD151AB008500097E996 /* PBXContainerItemProxy */;
		};
/* End PBXTargetDependency section */

/* Begin PBXVariantGroup section */
		B8B0FD0D1AB008500097E996 /* LaunchScreen.xib */ = {
			isa = PBXVariantGroup;
			children = (
				B8B0FD0E1AB008500097E996 /* Base */,
			);
			name = LaunchScreen.xib;
			sourceTree = "<group>";
		};
		B8B0FD261AB01C400097E996 /* Main.storyboard */ = {
			isa = PBXVariantGroup;
			children = (
				B8B0FD271AB01C400097E996 /* Base */,
			);
			name = Main.storyboard;
			sourceTree = "<group>";
		};
/* End PBXVariantGroup section */

/* Begin XCBuildConfiguration section */
		B8B0FD1C1AB008500097E996 /* Debug */ = {
			isa = XCBuildConfiguration;
			buildSettings = {
				ALWAYS_SEARCH_USER_PATHS = NO;
				CLANG_CXX_LANGUAGE_STANDARD = "gnu++0x";
				CLANG_CXX_LIBRARY = "libc++";
				CLANG_ENABLE_MODULES = YES;
				CLANG_ENABLE_OBJC_ARC = YES;
				CLANG_WARN_BOOL_CONVERSION = YES;
				CLANG_WARN_CONSTANT_CONVERSION = YES;
				CLANG_WARN_DIRECT_OBJC_ISA_USAGE = YES_ERROR;
				CLANG_WARN_EMPTY_BODY = YES;
				CLANG_WARN_ENUM_CONVERSION = YES;
				CLANG_WARN_INT_CONVERSION = YES;
				CLANG_WARN_OBJC_ROOT_CLASS = YES_ERROR;
				CLANG_WARN_UNREACHABLE_CODE = YES;
				CLANG_WARN__DUPLICATE_METHOD_MATCH = YES;
				"CODE_SIGN_IDENTITY[sdk=iphoneos*]" = "iPhone Developer";
				COPY_PHASE_STRIP = NO;
				ENABLE_STRICT_OBJC_MSGSEND = YES;
				GCC_C_LANGUAGE_STANDARD = gnu99;
				GCC_DYNAMIC_NO_PIC = NO;
				GCC_OPTIMIZATION_LEVEL = 0;
				GCC_PREPROCESSOR_DEFINITIONS = (
					"DEBUG=1",
					"$(inherited)",
				);
				GCC_SYMBOLS_PRIVATE_EXTERN = NO;
				GCC_WARN_64_TO_32_BIT_CONVERSION = YES;
				GCC_WARN_ABOUT_RETURN_TYPE = YES_ERROR;
				GCC_WARN_UNDECLARED_SELECTOR = YES;
				GCC_WARN_UNINITIALIZED_AUTOS = YES_AGGRESSIVE;
				GCC_WARN_UNUSED_FUNCTION = YES;
				GCC_WARN_UNUSED_VARIABLE = YES;
				IPHONEOS_DEPLOYMENT_TARGET = 8.2;
				MTL_ENABLE_DEBUG_INFO = YES;
				ONLY_ACTIVE_ARCH = YES;
				SDKROOT = iphoneos;
				SWIFT_OPTIMIZATION_LEVEL = "-Onone";
			};
			name = Debug;
		};
		B8B0FD1D1AB008500097E996 /* Release */ = {
			isa = XCBuildConfiguration;
			buildSettings = {
				ALWAYS_SEARCH_USER_PATHS = NO;
				CLANG_CXX_LANGUAGE_STANDARD = "gnu++0x";
				CLANG_CXX_LIBRARY = "libc++";
				CLANG_ENABLE_MODULES = YES;
				CLANG_ENABLE_OBJC_ARC = YES;
				CLANG_WARN_BOOL_CONVERSION = YES;
				CLANG_WARN_CONSTANT_CONVERSION = YES;
				CLANG_WARN_DIRECT_OBJC_ISA_USAGE = YES_ERROR;
				CLANG_WARN_EMPTY_BODY = YES;
				CLANG_WARN_ENUM_CONVERSION = YES;
				CLANG_WARN_INT_CONVERSION = YES;
				CLANG_WARN_OBJC_ROOT_CLASS = YES_ERROR;
				CLANG_WARN_UNREACHABLE_CODE = YES;
				CLANG_WARN__DUPLICATE_METHOD_MATCH = YES;
				"CODE_SIGN_IDENTITY[sdk=iphoneos*]" = "iPhone Developer";
				COPY_PHASE_STRIP = NO;
				ENABLE_NS_ASSERTIONS = NO;
				ENABLE_STRICT_OBJC_MSGSEND = YES;
				GCC_C_LANGUAGE_STANDARD = gnu99;
				GCC_WARN_64_TO_32_BIT_CONVERSION = YES;
				GCC_WARN_ABOUT_RETURN_TYPE = YES_ERROR;
				GCC_WARN_UNDECLARED_SELECTOR = YES;
				GCC_WARN_UNINITIALIZED_AUTOS = YES_AGGRESSIVE;
				GCC_WARN_UNUSED_FUNCTION = YES;
				GCC_WARN_UNUSED_VARIABLE = YES;
				IPHONEOS_DEPLOYMENT_TARGET = 8.2;
				MTL_ENABLE_DEBUG_INFO = NO;
				SDKROOT = iphoneos;
				VALIDATE_PRODUCT = YES;
			};
			name = Release;
		};
		B8B0FD1F1AB008500097E996 /* Debug */ = {
			isa = XCBuildConfiguration;
			buildSettings = {
				ASSETCATALOG_COMPILER_APPICON_NAME = AppIcon;
				INFOPLIST_FILE = MiniMeet/Info.plist;
				LD_RUNPATH_SEARCH_PATHS = "$(inherited) @executable_path/Frameworks";
				PRODUCT_NAME = "$(TARGET_NAME)";
			};
			name = Debug;
		};
		B8B0FD201AB008500097E996 /* Release */ = {
			isa = XCBuildConfiguration;
			buildSettings = {
				ASSETCATALOG_COMPILER_APPICON_NAME = AppIcon;
				INFOPLIST_FILE = MiniMeet/Info.plist;
				LD_RUNPATH_SEARCH_PATHS = "$(inherited) @executable_path/Frameworks";
				PRODUCT_NAME = "$(TARGET_NAME)";
			};
			name = Release;
		};
		B8B0FD221AB008500097E996 /* Debug */ = {
			isa = XCBuildConfiguration;
			buildSettings = {
				BUNDLE_LOADER = "$(TEST_HOST)";
				FRAMEWORK_SEARCH_PATHS = (
					"$(SDKROOT)/Developer/Library/Frameworks",
					"$(inherited)",
				);
				GCC_PREPROCESSOR_DEFINITIONS = (
					"DEBUG=1",
					"$(inherited)",
				);
				INFOPLIST_FILE = MiniMeetTests/Info.plist;
				LD_RUNPATH_SEARCH_PATHS = "$(inherited) @executable_path/Frameworks @loader_path/Frameworks";
				PRODUCT_NAME = "$(TARGET_NAME)";
				TEST_HOST = "$(BUILT_PRODUCTS_DIR)/MiniMeet.app/MiniMeet";
			};
			name = Debug;
		};
		B8B0FD231AB008500097E996 /* Release */ = {
			isa = XCBuildConfiguration;
			buildSettings = {
				BUNDLE_LOADER = "$(TEST_HOST)";
				FRAMEWORK_SEARCH_PATHS = (
					"$(SDKROOT)/Developer/Library/Frameworks",
					"$(inherited)",
				);
				INFOPLIST_FILE = MiniMeetTests/Info.plist;
				LD_RUNPATH_SEARCH_PATHS = "$(inherited) @executable_path/Frameworks @loader_path/Frameworks";
				PRODUCT_NAME = "$(TARGET_NAME)";
				TEST_HOST = "$(BUILT_PRODUCTS_DIR)/MiniMeet.app/MiniMeet";
			};
			name = Release;
		};
/* End XCBuildConfiguration section */

/* Begin XCConfigurationList section */
		B8B0FCFA1AB008500097E996 /* Build configuration list for PBXProject "MiniMeet" */ = {
			isa = XCConfigurationList;
			buildConfigurations = (
				B8B0FD1C1AB008500097E996 /* Debug */,
				B8B0FD1D1AB008500097E996 /* Release */,
			);
			defaultConfigurationIsVisible = 0;
			defaultConfigurationName = Release;
		};
		B8B0FD1E1AB008500097E996 /* Build configuration list for PBXNativeTarget "MiniMeet" */ = {
			isa = XCConfigurationList;
			buildConfigurations = (
				B8B0FD1F1AB008500097E996 /* Debug */,
				B8B0FD201AB008500097E996 /* Release */,
			);
			defaultConfigurationIsVisible = 0;
			defaultConfigurationName = Release;
		};
		B8B0FD211AB008500097E996 /* Build configuration list for PBXNativeTarget "MiniMeetTests" */ = {
			isa = XCConfigurationList;
			buildConfigurations = (
				B8B0FD221AB008500097E996 /* Debug */,
				B8B0FD231AB008500097E996 /* Release */,
			);
			defaultConfigurationIsVisible = 0;
			defaultConfigurationName = Release;
		};
/* End XCConfigurationList section */
	};
	rootObject = B8B0FCF71AB008500097E996 /* Project object */;
}
